
Microsoft Visual Studio Solution File, Format Version 12.00
# Visual Studio Version 17
VisualStudioVersion = 17.12.35514.174 d17.12
MinimumVisualStudioVersion = 10.0.40219.1
Project("{2150E333-8FDC-42A3-9474-1A3956D46DE8}") = "0 - Modeling and Design", "0 - Modeling and Design", "{97979E09-DA43-4D93-A904-C6ED87F7558F}"
EndProject
Project("{2150E333-8FDC-42A3-9474-1A3956D46DE8}") = "1 - Layers", "1 - Layers", "{54218F52-C5DB-445B-94A9-231536EC620A}"
EndProject
Project("{2150E333-8FDC-42A3-9474-1A3956D46DE8}") = "1.1 - Presentation", "1.1 - Presentation", "{7CFDF6B6-9565-4772-807A-4640527804DD}"
EndProject
Project("{2150E333-8FDC-42A3-9474-1A3956D46DE8}") = "1.2 - Distributed Services", "1.2 - Distributed Services", "{6E205093-8DF9-45A4-8E2B-9CCF9B5F2FED}"
EndProject
Project("{2150E333-8FDC-42A3-9474-1A3956D46DE8}") = "1.3 - Application", "1.3 - Application", "{B157E887-9342-4AC7-9F51-4CCA35E439A6}"
EndProject
Project("{2150E333-8FDC-42A3-9474-1A3956D46DE8}") = "1.4 - Domain", "1.4 - Domain", "{451D1553-1020-43F1-8C9C-6803FF2ACE7C}"
EndProject
Project("{2150E333-8FDC-42A3-9474-1A3956D46DE8}") = "1.5 - Infraestrutura", "1.5 - Infraestrutura", "{2F46A310-C896-46A1-972B-03936C909BA6}"
EndProject
Project("{2150E333-8FDC-42A3-9474-1A3956D46DE8}") = "1.5.1 - Data", "1.5.1 - Data", "{5F3803AA-908E-4E70-8E58-51B73160D5D1}"
EndProject
Project("{2150E333-8FDC-42A3-9474-1A3956D46DE8}") = "1.5.2 - Crosscutting", "1.5.2 - Crosscutting", "{E0FCCF68-E986-431F-B494-9A8ED8BF42CE}"
EndProject
Project("{FAE04EC0-301F-11D3-BF4B-00C04F79EFBC}") = "TME.Domain.Core", "TME.Domain.Core\TME.Domain.Core.csproj", "{9A5A8C09-A0BD-45C1-9B4E-3B8CBA2A82E5}"
EndProject
Project("{FAE04EC0-301F-11D3-BF4B-00C04F79EFBC}") = "TME.Domain.Core.Test", "TME.Domain.Core.Test\TME.Domain.Core.Test.csproj", "{8A70BC55-5633-4A09-8159-CEDDB4802E6E}"
EndProject
Project("{FAE04EC0-301F-11D3-BF4B-00C04F79EFBC}") = "TME.Crosscutting", "TME.Crosscutting\TME.Crosscutting.csproj", "{82039FFF-BDF4-4A2C-9D2C-77A2BDC93875}"
EndProject
Global
	GlobalSection(SolutionConfigurationPlatforms) = preSolution
		Debug|Any CPU = Debug|Any CPU
		Release|Any CPU = Release|Any CPU
	EndGlobalSection
	GlobalSection(ProjectConfigurationPlatforms) = postSolution
		{9A5A8C09-A0BD-45C1-9B4E-3B8CBA2A82E5}.Debug|Any CPU.ActiveCfg = Debug|Any CPU
		{9A5A8C09-A0BD-45C1-9B4E-3B8CBA2A82E5}.Debug|Any CPU.Build.0 = Debug|Any CPU
		{9A5A8C09-A0BD-45C1-9B4E-3B8CBA2A82E5}.Release|Any CPU.ActiveCfg = Release|Any CPU
		{9A5A8C09-A0BD-45C1-9B4E-3B8CBA2A82E5}.Release|Any CPU.Build.0 = Release|Any CPU
		{8A70BC55-5633-4A09-8159-CEDDB4802E6E}.Debug|Any CPU.ActiveCfg = Debug|Any CPU
		{8A70BC55-5633-4A09-8159-CEDDB4802E6E}.Debug|Any CPU.Build.0 = Debug|Any CPU
		{8A70BC55-5633-4A09-8159-CEDDB4802E6E}.Release|Any CPU.ActiveCfg = Release|Any CPU
		{8A70BC55-5633-4A09-8159-CEDDB4802E6E}.Release|Any CPU.Build.0 = Release|Any CPU
		{82039FFF-BDF4-4A2C-9D2C-77A2BDC93875}.Debug|Any CPU.ActiveCfg = Debug|Any CPU
		{82039FFF-BDF4-4A2C-9D2C-77A2BDC93875}.Debug|Any CPU.Build.0 = Debug|Any CPU
		{82039FFF-BDF4-4A2C-9D2C-77A2BDC93875}.Release|Any CPU.ActiveCfg = Release|Any CPU
		{82039FFF-BDF4-4A2C-9D2C-77A2BDC93875}.Release|Any CPU.Build.0 = Release|Any CPU
	EndGlobalSection
	GlobalSection(SolutionProperties) = preSolution
		HideSolutionNode = FALSE
	EndGlobalSection
	GlobalSection(NestedProjects) = preSolution
		{7CFDF6B6-9565-4772-807A-4640527804DD} = {54218F52-C5DB-445B-94A9-231536EC620A}
		{6E205093-8DF9-45A4-8E2B-9CCF9B5F2FED} = {54218F52-C5DB-445B-94A9-231536EC620A}
		{B157E887-9342-4AC7-9F51-4CCA35E439A6} = {54218F52-C5DB-445B-94A9-231536EC620A}
		{451D1553-1020-43F1-8C9C-6803FF2ACE7C} = {54218F52-C5DB-445B-94A9-231536EC620A}
		{2F46A310-C896-46A1-972B-03936C909BA6} = {54218F52-C5DB-445B-94A9-231536EC620A}
		{5F3803AA-908E-4E70-8E58-51B73160D5D1} = {2F46A310-C896-46A1-972B-03936C909BA6}
		{E0FCCF68-E986-431F-B494-9A8ED8BF42CE} = {2F46A310-C896-46A1-972B-03936C909BA6}
		{9A5A8C09-A0BD-45C1-9B4E-3B8CBA2A82E5} = {451D1553-1020-43F1-8C9C-6803FF2ACE7C}
		{8A70BC55-5633-4A09-8159-CEDDB4802E6E} = {451D1553-1020-43F1-8C9C-6803FF2ACE7C}
		{82039FFF-BDF4-4A2C-9D2C-77A2BDC93875} = {E0FCCF68-E986-431F-B494-9A8ED8BF42CE}
	EndGlobalSection
EndGlobal
